{
  "pins" : [
    {
      "identity" : "simdtype",
      "kind" : "remoteSourceControl",
      "location" : "https://github.com/MetalPetal/SIMDType.git",
      "state" : {
        "revision" : "005afa4670fc970a0b6a6232c3b6a3099bb41ae8",
        "version" : "0.0.3"
      }
    }
  ],
  "version" : 2
}
